
Microsoft Visual Studio Solution File, Format Version 12.00
# Visual Studio Version 16
VisualStudioVersion = 16.0.30517.126
MinimumVisualStudioVersion = 10.0.40219.1
Project("{9A19103F-16F7-4668-BE54-9A1E7A4F7556}") = "Client", "Client\Client.csproj", "{5369DB47-FF37-4616-A69E-F3C9E075C8A0}"
EndProject
Project("{9A19103F-16F7-4668-BE54-9A1E7A4F7556}") = "BusinessLayer", "BusinessLayer\BusinessLayer.csproj", "{61663EE5-629E-477B-B634-1FEB84698B75}"
EndProject
Global
	GlobalSection(SolutionConfigurationPlatforms) = preSolution
		Debug|Any CPU = Debug|Any CPU
		Release|Any CPU = Release|Any CPU
	EndGlobalSection
	GlobalSection(ProjectConfigurationPlatforms) = postSolution
		{5369DB47-FF37-4616-A69E-F3C9E075C8A0}.Debug|Any CPU.ActiveCfg = Debug|Any CPU
		{5369DB47-FF37-4616-A69E-F3C9E075C8A0}.Debug|Any CPU.Build.0 = Debug|Any CPU
		{5369DB47-FF37-4616-A69E-F3C9E075C8A0}.Release|Any CPU.ActiveCfg = Release|Any CPU
		{5369DB47-FF37-4616-A69E-F3C9E075C8A0}.Release|Any CPU.Build.0 = Release|Any CPU
		{61663EE5-629E-477B-B634-1FEB84698B75}.Debug|Any CPU.ActiveCfg = Debug|Any CPU
		{61663EE5-629E-477B-B634-1FEB84698B75}.Debug|Any CPU.Build.0 = Debug|Any CPU
		{61663EE5-629E-477B-B634-1FEB84698B75}.Release|Any CPU.ActiveCfg = Release|Any CPU
		{61663EE5-629E-477B-B634-1FEB84698B75}.Release|Any CPU.Build.0 = Release|Any CPU
	EndGlobalSection
	GlobalSection(SolutionProperties) = preSolution
		HideSolutionNode = FALSE
	EndGlobalSection
	GlobalSection(ExtensibilityGlobals) = postSolution
		SolutionGuid = {F4DC9BF9-57D1-412C-9E9A-322CDA14EF35}
	EndGlobalSection
EndGlobal
