
Microsoft Visual Studio Solution File, Format Version 12.00
# Visual Studio Version 16
VisualStudioVersion = 16.0.30517.126
MinimumVisualStudioVersion = 10.0.40219.1
Project("{FAE04EC0-301F-11D3-BF4B-00C04F79EFBC}") = "CurrencyService", "CurrencyService\CurrencyService.csproj", "{68F7EBFE-79E3-42CE-A62B-E290B76B61A4}"
EndProject
Global
	GlobalSection(SolutionConfigurationPlatforms) = preSolution
		Debug|Any CPU = Debug|Any CPU
		Release|Any CPU = Release|Any CPU
	EndGlobalSection
	GlobalSection(ProjectConfigurationPlatforms) = postSolution
		{68F7EBFE-79E3-42CE-A62B-E290B76B61A4}.Debug|Any CPU.ActiveCfg = Debug|Any CPU
		{68F7EBFE-79E3-42CE-A62B-E290B76B61A4}.Debug|Any CPU.Build.0 = Debug|Any CPU
		{68F7EBFE-79E3-42CE-A62B-E290B76B61A4}.Release|Any CPU.ActiveCfg = Release|Any CPU
		{68F7EBFE-79E3-42CE-A62B-E290B76B61A4}.Release|Any CPU.Build.0 = Release|Any CPU
	EndGlobalSection
	GlobalSection(SolutionProperties) = preSolution
		HideSolutionNode = FALSE
	EndGlobalSection
	GlobalSection(ExtensibilityGlobals) = postSolution
		SolutionGuid = {0528BDB7-9883-49AD-8263-50379602E4EA}
	EndGlobalSection
EndGlobal
