
Microsoft Visual Studio Solution File, Format Version 12.00
# Visual Studio Version 16
VisualStudioVersion = 16.0.30517.126
MinimumVisualStudioVersion = 10.0.40219.1
Project("{FAE04EC0-301F-11D3-BF4B-00C04F79EFBC}") = "AccountService", "AccountService\AccountService.csproj", "{40C98DAC-E56B-4032-A06C-3100A884228F}"
EndProject
Global
	GlobalSection(SolutionConfigurationPlatforms) = preSolution
		Debug|Any CPU = Debug|Any CPU
		Release|Any CPU = Release|Any CPU
	EndGlobalSection
	GlobalSection(ProjectConfigurationPlatforms) = postSolution
		{40C98DAC-E56B-4032-A06C-3100A884228F}.Debug|Any CPU.ActiveCfg = Debug|Any CPU
		{40C98DAC-E56B-4032-A06C-3100A884228F}.Debug|Any CPU.Build.0 = Debug|Any CPU
		{40C98DAC-E56B-4032-A06C-3100A884228F}.Release|Any CPU.ActiveCfg = Release|Any CPU
		{40C98DAC-E56B-4032-A06C-3100A884228F}.Release|Any CPU.Build.0 = Release|Any CPU
	EndGlobalSection
	GlobalSection(SolutionProperties) = preSolution
		HideSolutionNode = FALSE
	EndGlobalSection
	GlobalSection(ExtensibilityGlobals) = postSolution
		SolutionGuid = {687991ED-A693-4EE5-8FAA-B96A0CD7000E}
	EndGlobalSection
EndGlobal
